// !$*UTF8*$!
{
	archiveVersion = 1;
	classes = {
	};
	objectVersion = 55;
	objects = {

/* Begin PBXBuildFile section */
		E7379AF229D9BA170074BA19 /* AppDelegate.swift in Sources */ = {isa = PBXBuildFile; fileRef = E7379AF129D9BA170074BA19 /* AppDelegate.swift */; };
		E7379AF429D9BA170074BA19 /* SceneDelegate.swift in Sources */ = {isa = PBXBuildFile; fileRef = E7379AF329D9BA170074BA19 /* SceneDelegate.swift */; };
		E7379AF629D9BA170074BA19 /* GameViewController.swift in Sources */ = {isa = PBXBuildFile; fileRef = E7379AF529D9BA170074BA19 /* GameViewController.swift */; };
		E7379AF929D9BA170074BA19 /* Main.storyboard in Resources */ = {isa = PBXBuildFile; fileRef = E7379AF729D9BA170074BA19 /* Main.storyboard */; };
		E7379AFB29D9BA210074BA19 /* Assets.xcassets in Resources */ = {isa = PBXBuildFile; fileRef = E7379AFA29D9BA210074BA19 /* Assets.xcassets */; };
		E7379AFE29D9BA210074BA19 /* LaunchScreen.storyboard in Resources */ = {isa = PBXBuildFile; fileRef = E7379AFC29D9BA210074BA19 /* LaunchScreen.storyboard */; };
		E7379B0929D9BAEC0074BA19 /* Question.swift in Sources */ = {isa = PBXBuildFile; fileRef = E7379B0829D9BAEC0074BA19 /* Question.swift */; };
		E7379B0B29D9BDF60074BA19 /* ResultsViewController.swift in Sources */ = {isa = PBXBuildFile; fileRef = E7379B0A29D9BDF60074BA19 /* ResultsViewController.swift */; };
/* End PBXBuildFile section */

/* Begin PBXFileReference section */
		E7379AEE29D9BA170074BA19 /* Quizz_App.app */ = {isa = PBXFileReference; explicitFileType = wrapper.application; includeInIndex = 0; path = Quizz_App.app; sourceTree = BUILT_PRODUCTS_DIR; };
		E7379AF129D9BA170074BA19 /* AppDelegate.swift */ = {isa = PBXFileReference; lastKnownFileType = sourcecode.swift; path = AppDelegate.swift; sourceTree = "<group>"; };
		E7379AF329D9BA170074BA19 /* SceneDelegate.swift */ = {isa = PBXFileReference; lastKnownFileType = sourcecode.swift; path = SceneDelegate.swift; sourceTree = "<group>"; };
		E7379AF529D9BA170074BA19 /* GameViewController.swift */ = {isa = PBXFileReference; lastKnownFileType = sourcecode.swift; path = GameViewController.swift; sourceTree = "<group>"; };
		E7379AF829D9BA170074BA19 /* Base */ = {isa = PBXFileReference; lastKnownFileType = file.storyboard; name = Base; path = Base.lproj/Main.storyboard; sourceTree = "<group>"; };
		E7379AFA29D9BA210074BA19 /* Assets.xcassets */ = {isa = PBXFileReference; lastKnownFileType = folder.assetcatalog; path = Assets.xcassets; sourceTree = "<group>"; };
		E7379AFD29D9BA210074BA19 /* Base */ = {isa = PBXFileReference; lastKnownFileType = file.storyboard; name = Base; path = Base.lproj/LaunchScreen.storyboard; sourceTree = "<group>"; };
		E7379AFF29D9BA210074BA19 /* Info.plist */ = {isa = PBXFileReference; lastKnownFileType = text.plist.xml; path = Info.plist; sourceTree = "<group>"; };
		E7379B0829D9BAEC0074BA19 /* Question.swift */ = {isa = PBXFileReference; lastKnownFileType = sourcecode.swift; path = Question.swift; sourceTree = "<group>"; };
		E7379B0A29D9BDF60074BA19 /* ResultsViewController.swift */ = {isa = PBXFileReference; fileEncoding = 4; lastKnownFileType = sourcecode.swift; path = ResultsViewController.swift; sourceTree = "<group>"; };
/* End PBXFileReference section */

/* Begin PBXFrameworksBuildPhase section */
		E7379AEB29D9BA170074BA19 /* Frameworks */ = {
			isa = PBXFrameworksBuildPhase;
			buildActionMask = 2147483647;
			files = (
			);
			runOnlyForDeploymentPostprocessing = 0;
		};
/* End PBXFrameworksBuildPhase section */

/* Begin PBXGroup section */
		E7379AE529D9BA170074BA19 = {
			isa = PBXGroup;
			children = (
				E7379AF029D9BA170074BA19 /* Quizz_App */,
				E7379AEF29D9BA170074BA19 /* Products */,
			);
			sourceTree = "<group>";
		};
		E7379AEF29D9BA170074BA19 /* Products */ = {
			isa = PBXGroup;
			children = (
				E7379AEE29D9BA170074BA19 /* Quizz_App.app */,
			);
			name = Products;
			sourceTree = "<group>";
		};
		E7379AF029D9BA170074BA19 /* Quizz_App */ = {
			isa = PBXGroup;
			children = (
				E7379B0629D9BAC50074BA19 /* Model */,
				E7379B0729D9BACE0074BA19 /* View */,
				E7379B0529D9BAB80074BA19 /* Controller */,
				E7379AF129D9BA170074BA19 /* AppDelegate.swift */,
				E7379AF329D9BA170074BA19 /* SceneDelegate.swift */,
				E7379AFA29D9BA210074BA19 /* Assets.xcassets */,
				E7379AFF29D9BA210074BA19 /* Info.plist */,
			);
			path = Quizz_App;
			sourceTree = "<group>";
		};
		E7379B0529D9BAB80074BA19 /* Controller */ = {
			isa = PBXGroup;
			children = (
				E7379AF529D9BA170074BA19 /* GameViewController.swift */,
				E7379B0A29D9BDF60074BA19 /* ResultsViewController.swift */,
			);
			path = Controller;
			sourceTree = "<group>";
		};
		E7379B0629D9BAC50074BA19 /* Model */ = {
			isa = PBXGroup;
			children = (
				E7379B0829D9BAEC0074BA19 /* Question.swift */,
			);
			path = Model;
			sourceTree = "<group>";
		};
		E7379B0729D9BACE0074BA19 /* View */ = {
			isa = PBXGroup;
			children = (
				E7379AF729D9BA170074BA19 /* Main.storyboard */,
				E7379AFC29D9BA210074BA19 /* LaunchScreen.storyboard */,
			);
			path = View;
			sourceTree = "<group>";
		};
/* End PBXGroup section */

/* Begin PBXNativeTarget section */
		E7379AED29D9BA170074BA19 /* Quizz_App */ = {
			isa = PBXNativeTarget;
			buildConfigurationList = E7379B0229D9BA210074BA19 /* Build configuration list for PBXNativeTarget "Quizz_App" */;
			buildPhases = (
				E7379AEA29D9BA170074BA19 /* Sources */,
				E7379AEB29D9BA170074BA19 /* Frameworks */,
				E7379AEC29D9BA170074BA19 /* Resources */,
			);
			buildRules = (
			);
			dependencies = (
			);
			name = Quizz_App;
			productName = Quizz_App;
			productReference = E7379AEE29D9BA170074BA19 /* Quizz_App.app */;
			productType = "com.apple.product-type.application";
		};
/* End PBXNativeTarget section */

/* Begin PBXProject section */
		E7379AE629D9BA170074BA19 /* Project object */ = {
			isa = PBXProject;
			attributes = {
				BuildIndependentTargetsInParallel = 1;
				LastSwiftUpdateCheck = 1320;
				LastUpgradeCheck = 1320;
				TargetAttributes = {
					E7379AED29D9BA170074BA19 = {
						CreatedOnToolsVersion = 13.2.1;
					};
				};
			};
			buildConfigurationList = E7379AE929D9BA170074BA19 /* Build configuration list for PBXProject "Quizz_App" */;
			compatibilityVersion = "Xcode 13.0";
			developmentRegion = en;
			hasScannedForEncodings = 0;
			knownRegions = (
				en,
				Base,
			);
			mainGroup = E7379AE529D9BA170074BA19;
			productRefGroup = E7379AEF29D9BA170074BA19 /* Products */;
			projectDirPath = "";
			projectRoot = "";
			targets = (
				E7379AED29D9BA170074BA19 /* Quizz_App */,
			);
		};
/* End PBXProject section */

/* Begin PBXResourcesBuildPhase section */
		E7379AEC29D9BA170074BA19 /* Resources */ = {
			isa = PBXResourcesBuildPhase;
			buildActionMask = 2147483647;
			files = (
				E7379AFE29D9BA210074BA19 /* LaunchScreen.storyboard in Resources */,
				E7379AFB29D9BA210074BA19 /* Assets.xcassets in Resources */,
				E7379AF929D9BA170074BA19 /* Main.storyboard in Resources */,
			);
			runOnlyForDeploymentPostprocessing = 0;
		};
/* End PBXResourcesBuildPhase section */

/* Begin PBXSourcesBuildPhase section */
		E7379AEA29D9BA170074BA19 /* Sources */ = {
			isa = PBXSourcesBuildPhase;
			buildActionMask = 2147483647;
			files = (
				E7379AF629D9BA170074BA19 /* GameViewController.swift in Sources */,
				E7379B0929D9BAEC0074BA19 /* Question.swift in Sources */,
				E7379AF229D9BA170074BA19 /* AppDelegate.swift in Sources */,
				E7379B0B29D9BDF60074BA19 /* ResultsViewController.swift in Sources */,
				E7379AF429D9BA170074BA19 /* SceneDelegate.swift in Sources */,
			);
			runOnlyForDeploymentPostprocessing = 0;
		};
/* End PBXSourcesBuildPhase section */

/* Begin PBXVariantGroup section */
		E7379AF729D9BA170074BA19 /* Main.storyboard */ = {
			isa = PBXVariantGroup;
			children = (
				E7379AF829D9BA170074BA19 /* Base */,
			);
			name = Main.storyboard;
			sourceTree = "<group>";
		};
		E7379AFC29D9BA210074BA19 /* LaunchScreen.storyboard */ = {
			isa = PBXVariantGroup;
			children = (
				E7379AFD29D9BA210074BA19 /* Base */,
			);
			name = LaunchScreen.storyboard;
			sourceTree = "<group>";
		};
/* End PBXVariantGroup section */

/* Begin XCBuildConfiguration section */
		E7379B0029D9BA210074BA19 /* Debug */ = {
			isa = XCBuildConfiguration;
			buildSettings = {
				ALWAYS_SEARCH_USER_PATHS = NO;
				CLANG_ANALYZER_NONNULL = YES;
				CLANG_ANALYZER_NUMBER_OBJECT_CONVERSION = YES_AGGRESSIVE;
				CLANG_CXX_LANGUAGE_STANDARD = "gnu++17";
				CLANG_CXX_LIBRARY = "libc++";
				CLANG_ENABLE_MODULES = YES;
				CLANG_ENABLE_OBJC_ARC = YES;
				CLANG_ENABLE_OBJC_WEAK = YES;
				CLANG_WARN_BLOCK_CAPTURE_AUTORELEASING = YES;
				CLANG_WARN_BOOL_CONVERSION = YES;
				CLANG_WARN_COMMA = YES;
				CLANG_WARN_CONSTANT_CONVERSION = YES;
				CLANG_WARN_DEPRECATED_OBJC_IMPLEMENTATIONS = YES;
				CLANG_WARN_DIRECT_OBJC_ISA_USAGE = YES_ERROR;
				CLANG_WARN_DOCUMENTATION_COMMENTS = YES;
				CLANG_WARN_EMPTY_BODY = YES;
				CLANG_WARN_ENUM_CONVERSION = YES;
				CLANG_WARN_INFINITE_RECURSION = YES;
				CLANG_WARN_INT_CONVERSION = YES;
				CLANG_WARN_NON_LITERAL_NULL_CONVERSION = YES;
				CLANG_WARN_OBJC_IMPLICIT_RETAIN_SELF = YES;
				CLANG_WARN_OBJC_LITERAL_CONVERSION = YES;
				CLANG_WARN_OBJC_ROOT_CLASS = YES_ERROR;
				CLANG_WARN_QUOTED_INCLUDE_IN_FRAMEWORK_HEADER = YES;
				CLANG_WARN_RANGE_LOOP_ANALYSIS = YES;
				CLANG_WARN_STRICT_PROTOTYPES = YES;
				CLANG_WARN_SUSPICIOUS_MOVE = YES;
				CLANG_WARN_UNGUARDED_AVAILABILITY = YES_AGGRESSIVE;
				CLANG_WARN_UNREACHABLE_CODE = YES;
				CLANG_WARN__DUPLICATE_METHOD_MATCH = YES;
				COPY_PHASE_STRIP = NO;
				DEBUG_INFORMATION_FORMAT = dwarf;
				ENABLE_STRICT_OBJC_MSGSEND = YES;
				ENABLE_TESTABILITY = YES;
				GCC_C_LANGUAGE_STANDARD = gnu11;
				GCC_DYNAMIC_NO_PIC = NO;
				GCC_NO_COMMON_BLOCKS = YES;
				GCC_OPTIMIZATION_LEVEL = 0;
				GCC_PREPROCESSOR_DEFINITIONS = (
					"DEBUG=1",
					"$(inherited)",
				);
				GCC_WARN_64_TO_32_BIT_CONVERSION = YES;
				GCC_WARN_ABOUT_RETURN_TYPE = YES_ERROR;
				GCC_WARN_UNDECLARED_SELECTOR = YES;
				GCC_WARN_UNINITIALIZED_AUTOS = YES_AGGRESSIVE;
				GCC_WARN_UNUSED_FUNCTION = YES;
				GCC_WARN_UNUSED_VARIABLE = YES;
				IPHONEOS_DEPLOYMENT_TARGET = 15.2;
				MTL_ENABLE_DEBUG_INFO = INCLUDE_SOURCE;
				MTL_FAST_MATH = YES;
				ONLY_ACTIVE_ARCH = YES;
				SDKROOT = iphoneos;
				SWIFT_ACTIVE_COMPILATION_CONDITIONS = DEBUG;
				SWIFT_OPTIMIZATION_LEVEL = "-Onone";
			};
			name = Debug;
		};
		E7379B0129D9BA210074BA19 /* Release */ = {
			isa = XCBuildConfiguration;
			buildSettings = {
				ALWAYS_SEARCH_USER_PATHS = NO;
				CLANG_ANALYZER_NONNULL = YES;
				CLANG_ANALYZER_NUMBER_OBJECT_CONVERSION = YES_AGGRESSIVE;
				CLANG_CXX_LANGUAGE_STANDARD = "gnu++17";
				CLANG_CXX_LIBRARY = "libc++";
				CLANG_ENABLE_MODULES = YES;
				CLANG_ENABLE_OBJC_ARC = YES;
				CLANG_ENABLE_OBJC_WEAK = YES;
				CLANG_WARN_BLOCK_CAPTURE_AUTORELEASING = YES;
				CLANG_WARN_BOOL_CONVERSION = YES;
				CLANG_WARN_COMMA = YES;
				CLANG_WARN_CONSTANT_CONVERSION = YES;
				CLANG_WARN_DEPRECATED_OBJC_IMPLEMENTATIONS = YES;
				CLANG_WARN_DIRECT_OBJC_ISA_USAGE = YES_ERROR;
				CLANG_WARN_DOCUMENTATION_COMMENTS = YES;
				CLANG_WARN_EMPTY_BODY = YES;
				CLANG_WARN_ENUM_CONVERSION = YES;
				CLANG_WARN_INFINITE_RECURSION = YES;
				CLANG_WARN_INT_CONVERSION = YES;
				CLANG_WARN_NON_LITERAL_NULL_CONVERSION = YES;
				CLANG_WARN_OBJC_IMPLICIT_RETAIN_SELF = YES;
				CLANG_WARN_OBJC_LITERAL_CONVERSION = YES;
				CLANG_WARN_OBJC_ROOT_CLASS = YES_ERROR;
				CLANG_WARN_QUOTED_INCLUDE_IN_FRAMEWORK_HEADER = YES;
				CLANG_WARN_RANGE_LOOP_ANALYSIS = YES;
				CLANG_WARN_STRICT_PROTOTYPES = YES;
				CLANG_WARN_SUSPICIOUS_MOVE = YES;
				CLANG_WARN_UNGUARDED_AVAILABILITY = YES_AGGRESSIVE;
				CLANG_WARN_UNREACHABLE_CODE = YES;
				CLANG_WARN__DUPLICATE_METHOD_MATCH = YES;
				COPY_PHASE_STRIP = NO;
				DEBUG_INFORMATION_FORMAT = "dwarf-with-dsym";
				ENABLE_NS_ASSERTIONS = NO;
				ENABLE_STRICT_OBJC_MSGSEND = YES;
				GCC_C_LANGUAGE_STANDARD = gnu11;
				GCC_NO_COMMON_BLOCKS = YES;
				GCC_WARN_64_TO_32_BIT_CONVERSION = YES;
				GCC_WARN_ABOUT_RETURN_TYPE = YES_ERROR;
				GCC_WARN_UNDECLARED_SELECTOR = YES;
				GCC_WARN_UNINITIALIZED_AUTOS = YES_AGGRESSIVE;
				GCC_WARN_UNUSED_FUNCTION = YES;
				GCC_WARN_UNUSED_VARIABLE = YES;
				IPHONEOS_DEPLOYMENT_TARGET = 15.2;
				MTL_ENABLE_DEBUG_INFO = NO;
				MTL_FAST_MATH = YES;
				SDKROOT = iphoneos;
				SWIFT_COMPILATION_MODE = wholemodule;
				SWIFT_OPTIMIZATION_LEVEL = "-O";
				VALIDATE_PRODUCT = YES;
			};
			name = Release;
		};
		E7379B0329D9BA210074BA19 /* Debug */ = {
			isa = XCBuildConfiguration;
			buildSettings = {
				ASSETCATALOG_COMPILER_APPICON_NAME = AppIcon;
				ASSETCATALOG_COMPILER_GLOBAL_ACCENT_COLOR_NAME = AccentColor;
				CODE_SIGN_STYLE = Automatic;
				CURRENT_PROJECT_VERSION = 1;
				DEVELOPMENT_TEAM = U7JVUC584K;
				GENERATE_INFOPLIST_FILE = YES;
				INFOPLIST_FILE = Quizz_App/Info.plist;
				INFOPLIST_KEY_UIApplicationSupportsIndirectInputEvents = YES;
				INFOPLIST_KEY_UILaunchStoryboardName = LaunchScreen;
				INFOPLIST_KEY_UIMainStoryboardFile = Main;
				INFOPLIST_KEY_UISupportedInterfaceOrientations_iPad = "UIInterfaceOrientationPortrait UIInterfaceOrientationPortraitUpsideDown UIInterfaceOrientationLandscapeLeft UIInterfaceOrientationLandscapeRight";
				INFOPLIST_KEY_UISupportedInterfaceOrientations_iPhone = "UIInterfaceOrientationPortrait UIInterfaceOrientationLandscapeLeft UIInterfaceOrientationLandscapeRight";
				LD_RUNPATH_SEARCH_PATHS = (
					"$(inherited)",
					"@executable_path/Frameworks",
				);
				MARKETING_VERSION = 1.0;
				PRODUCT_BUNDLE_IDENTIFIER = "Devsenior.Quizz-App";
				PRODUCT_NAME = "$(TARGET_NAME)";
				SWIFT_EMIT_LOC_STRINGS = YES;
				SWIFT_VERSION = 5.0;
				TARGETED_DEVICE_FAMILY = "1,2";
			};
			name = Debug;
		};
		E7379B0429D9BA210074BA19 /* Release */ = {
			isa = XCBuildConfiguration;
			buildSettings = {
				ASSETCATALOG_COMPILER_APPICON_NAME = AppIcon;
				ASSETCATALOG_COMPILER_GLOBAL_ACCENT_COLOR_NAME = AccentColor;
				CODE_SIGN_STYLE = Automatic;
				CURRENT_PROJECT_VERSION = 1;
				DEVELOPMENT_TEAM = U7JVUC584K;
				GENERATE_INFOPLIST_FILE = YES;
				INFOPLIST_FILE = Quizz_App/Info.plist;
				INFOPLIST_KEY_UIApplicationSupportsIndirectInputEvents = YES;
				INFOPLIST_KEY_UILaunchStoryboardName = LaunchScreen;
				INFOPLIST_KEY_UIMainStoryboardFile = Main;
				INFOPLIST_KEY_UISupportedInterfaceOrientations_iPad = "UIInterfaceOrientationPortrait UIInterfaceOrientationPortraitUpsideDown UIInterfaceOrientationLandscapeLeft UIInterfaceOrientationLandscapeRight";
				INFOPLIST_KEY_UISupportedInterfaceOrientations_iPhone = "UIInterfaceOrientationPortrait UIInterfaceOrientationLandscapeLeft UIInterfaceOrientationLandscapeRight";
				LD_RUNPATH_SEARCH_PATHS = (
					"$(inherited)",
					"@executable_path/Frameworks",
				);
				MARKETING_VERSION = 1.0;
				PRODUCT_BUNDLE_IDENTIFIER = "Devsenior.Quizz-App";
				PRODUCT_NAME = "$(TARGET_NAME)";
				SWIFT_EMIT_LOC_STRINGS = YES;
				SWIFT_VERSION = 5.0;
				TARGETED_DEVICE_FAMILY = "1,2";
			};
			name = Release;
		};
/* End XCBuildConfiguration section */

/* Begin XCConfigurationList section */
		E7379AE929D9BA170074BA19 /* Build configuration list for PBXProject "Quizz_App" */ = {
			isa = XCConfigurationList;
			buildConfigurations = (
				E7379B0029D9BA210074BA19 /* Debug */,
				E7379B0129D9BA210074BA19 /* Release */,
			);
			defaultConfigurationIsVisible = 0;
			defaultConfigurationName = Release;
		};
		E7379B0229D9BA210074BA19 /* Build configuration list for PBXNativeTarget "Quizz_App" */ = {
			isa = XCConfigurationList;
			buildConfigurations = (
				E7379B0329D9BA210074BA19 /* Debug */,
				E7379B0429D9BA210074BA19 /* Release */,
			);
			defaultConfigurationIsVisible = 0;
			defaultConfigurationName = Release;
		};
/* End XCConfigurationList section */
	};
	rootObject = E7379AE629D9BA170074BA19 /* Project object */;
}
